{
  "nodes": {
    "flake-utils": {
      "locked": {
        "lastModified": 1652776076,
        "narHash": "sha256-gzTw/v1vj4dOVbpBSJX4J0DwUR6LIyXo7/SuuTJp1kM=",
        "owner": "numtide",
        "repo": "flake-utils",
        "rev": "04c1b180862888302ddfb2e3ad9eaa63afc60cf8",
        "type": "github"
      },
      "original": {
        "owner": "numtide",
        "ref": "v1.0.0",
        "repo": "flake-utils",
        "type": "github"
      }
    },
    "nixos": {
      "locked": {
        "lastModified": 1687555006,
        "narHash": "sha256-GD2Kqb/DXQBRJcHqkM2qFZqbVenyO7Co/80JHRMg2U0=",
        "owner": "NixOS",
        "repo": "nixpkgs",
        "rev": "33223d479ffde3d05ac16c6dff04ae43cc27e577",
        "type": "github"
      },
      "original": {
        "owner": "NixOS",
        "ref": "nixos-23.05",
        "repo": "nixpkgs",
        "type": "github"
      }
    },
    "pythoneda-artifact-event-changes": {
      "inputs": {
        "flake-utils": [
          "flake-utils"
        ],
        "nixos": [
          "nixos"
        ],
        "pythoneda-artifact-shared-changes": "pythoneda-artifact-shared-changes",
        "pythoneda-base": [
          "pythoneda-base"
        ]
      },
      "locked": {
        "lastModified": 1689092331,
        "narHash": "sha256-+pbmhdYvY5UxWHHkTq8qqK5gh7VWTzPZv9cgE3ISZdU=",
        "owner": "pythoneda-artifact-event",
        "repo": "changes",
        "rev": "ee3425f6f6e9ff0ed5d74bee46a9829b276df210",
        "type": "github"
      },
      "original": {
        "owner": "pythoneda-artifact-event",
        "ref": "0.0.1a1",
        "repo": "changes",
        "type": "github"
      }
    },
    "pythoneda-artifact-event-git-tagging": {
      "inputs": {
        "flake-utils": [
          "flake-utils"
        ],
        "nixos": [
          "nixos"
        ],
        "pythoneda-base": [
          "pythoneda-base"
        ]
      },
      "locked": {
        "lastModified": 1687939693,
        "narHash": "sha256-Tj93uxNc24ZV4+AazbYhRGg00KOvXpE8ZVCXlMOP0X8=",
        "owner": "pythoneda-artifact-event",
        "repo": "git-tagging",
        "rev": "74f5f5bd33e68fc793a110da89b92d12d1625280",
        "type": "github"
      },
      "original": {
        "owner": "pythoneda-artifact-event",
        "ref": "0.0.1a1",
        "repo": "git-tagging",
        "type": "github"
      }
    },
    "pythoneda-artifact-shared-changes": {
      "inputs": {
        "flake-utils": [
          "pythoneda-artifact-event-changes",
          "flake-utils"
        ],
        "nixos": [
          "pythoneda-artifact-event-changes",
          "nixos"
        ],
        "pythoneda-base": [
          "pythoneda-artifact-event-changes",
          "pythoneda-base"
        ]
      },
      "locked": {
        "lastModified": 1689091755,
        "narHash": "sha256-bp4QplUEZNYv2pj/cSBXzso4UFVCvf37cb8DaD2w13U=",
        "owner": "pythoneda-artifact-shared",
        "repo": "changes",
        "rev": "638f67c43b7478ec5a3abbccdb57a40c0c0f3e66",
        "type": "github"
      },
      "original": {
        "owner": "pythoneda-artifact-shared",
        "ref": "0.0.1a1",
        "repo": "changes",
        "type": "github"
      }
    },
    "pythoneda-base": {
      "inputs": {
        "flake-utils": [
          "flake-utils"
        ],
        "nixos": [
          "nixos"
        ]
      },
      "locked": {
        "lastModified": 1688919593,
        "narHash": "sha256-YYkksOzpiLcnVrkthu8tWMsVQX25T3FTlr3y+ora4Ws=",
        "owner": "pythoneda",
        "repo": "base",
        "rev": "ffe32af1ed70d2070fd3b6b23e1e7579abeafe55",
        "type": "github"
      },
      "original": {
        "owner": "pythoneda",
        "ref": "0.0.1a16",
        "repo": "base",
        "type": "github"
      }
    },
    "root": {
      "inputs": {
        "flake-utils": "flake-utils",
        "nixos": "nixos",
        "pythoneda-artifact-event-changes": "pythoneda-artifact-event-changes",
        "pythoneda-artifact-event-git-tagging": "pythoneda-artifact-event-git-tagging",
        "pythoneda-base": "pythoneda-base"
      }
    }
  },
  "root": "root",
  "version": 7
}
