{
  "nodes": {
    "flake-utils": {
      "locked": {
        "lastModified": 1652776076,
        "narHash": "sha256-gzTw/v1vj4dOVbpBSJX4J0DwUR6LIyXo7/SuuTJp1kM=",
        "owner": "numtide",
        "repo": "flake-utils",
        "rev": "04c1b180862888302ddfb2e3ad9eaa63afc60cf8",
        "type": "github"
      },
      "original": {
        "owner": "numtide",
        "ref": "v1.0.0",
        "repo": "flake-utils",
        "type": "github"
      }
    },
    "nixos": {
      "locked": {
        "lastModified": 1687555006,
        "narHash": "sha256-GD2Kqb/DXQBRJcHqkM2qFZqbVenyO7Co/80JHRMg2U0=",
        "owner": "NixOS",
        "repo": "nixpkgs",
        "rev": "33223d479ffde3d05ac16c6dff04ae43cc27e577",
        "type": "github"
      },
      "original": {
        "owner": "NixOS",
        "ref": "nixos-23.05",
        "repo": "nixpkgs",
        "type": "github"
      }
    },
    "pythoneda-artifact-git-tagging": {
      "inputs": {
        "flake-utils": [
          "flake-utils"
        ],
        "nixos": [
          "nixos"
        ],
        "pythoneda-base": [
          "pythoneda-base"
        ]
      },
      "locked": {
        "lastModified": 1687445602,
        "narHash": "sha256-HG1c3ixVZAL4TPSWHC7QOoYkhi1xTFGKVc7FMkjTVdQ=",
        "owner": "pythoneda-artifact",
        "repo": "git-tagging",
        "rev": "fee7d9b261b7e2a66e6757f2f0a429691cff2a03",
        "type": "github"
      },
      "original": {
        "owner": "pythoneda-artifact",
        "ref": "0.0.1a3",
        "repo": "git-tagging",
        "type": "github"
      }
    },
    "pythoneda-base": {
      "inputs": {
        "flake-utils": [
          "flake-utils"
        ],
        "nixos": [
          "nixos"
        ]
      },
      "locked": {
        "lastModified": 1687444738,
        "narHash": "sha256-oxyPAWP+egkj1sX/KcFggtmrwQDmgd75Yq8VTO2fIh4=",
        "owner": "pythoneda",
        "repo": "base",
        "rev": "7fff528b47b120718a093c726b942f2e8af6db15",
        "type": "github"
      },
      "original": {
        "owner": "pythoneda",
        "ref": "0.0.1a15",
        "repo": "base",
        "type": "github"
      }
    },
    "root": {
      "inputs": {
        "flake-utils": "flake-utils",
        "nixos": "nixos",
        "pythoneda-artifact-git-tagging": "pythoneda-artifact-git-tagging",
        "pythoneda-base": "pythoneda-base"
      }
    }
  },
  "root": "root",
  "version": 7
}
